
Microsoft Visual Studio Solution File, Format Version 12.00
# Visual Studio 15
VisualStudioVersion = 15.0.26730.12
MinimumVisualStudioVersion = 10.0.40219.1
Project("{9A19103F-16F7-4668-BE54-9A1E7A4F7556}") = "GwDealerPortal.WebUI", "GwDealerPortal\GwDealerPortal.WebUI.csproj", "{7873ADB2-79C6-40DE-8406-A6418DF77FCD}"
EndProject
Project("{9A19103F-16F7-4668-BE54-9A1E7A4F7556}") = "GwDealerPortal.Service", "GwDealerPortal.Service\GwDealerPortal.Service.csproj", "{0EBAB28E-AE2B-44FE-8467-68C61E79E69D}"
EndProject
Project("{9A19103F-16F7-4668-BE54-9A1E7A4F7556}") = "GwDealerPortal.Model", "GwDealerPortal.Model\GwDealerPortal.Model.csproj", "{4E430F4B-8737-4524-A65A-EA5E9E258A96}"
EndProject
Project("{FAE04EC0-301F-11D3-BF4B-00C04F79EFBC}") = "GwDealerPortal.Report", "GwDealerPortal.Report\GwDealerPortal.Report.csproj", "{2EB40D47-FF93-48E9-84BB-DE1725723879}"
EndProject
Project("{9A19103F-16F7-4668-BE54-9A1E7A4F7556}") = "GwDealerPortal.DataAccess", "GwDealerPortal.DataAccess\GwDealerPortal.DataAccess.csproj", "{14720B16-11F1-4DCA-9D5A-EB29A6B5271E}"
EndProject
Global
	GlobalSection(SolutionConfigurationPlatforms) = preSolution
		Debug|Any CPU = Debug|Any CPU
		Release|Any CPU = Release|Any CPU
	EndGlobalSection
	GlobalSection(ProjectConfigurationPlatforms) = postSolution
		{7873ADB2-79C6-40DE-8406-A6418DF77FCD}.Debug|Any CPU.ActiveCfg = Debug|Any CPU
		{7873ADB2-79C6-40DE-8406-A6418DF77FCD}.Debug|Any CPU.Build.0 = Debug|Any CPU
		{7873ADB2-79C6-40DE-8406-A6418DF77FCD}.Release|Any CPU.ActiveCfg = Debug|Any CPU
		{7873ADB2-79C6-40DE-8406-A6418DF77FCD}.Release|Any CPU.Build.0 = Debug|Any CPU
		{0EBAB28E-AE2B-44FE-8467-68C61E79E69D}.Debug|Any CPU.ActiveCfg = Debug|Any CPU
		{0EBAB28E-AE2B-44FE-8467-68C61E79E69D}.Debug|Any CPU.Build.0 = Debug|Any CPU
		{0EBAB28E-AE2B-44FE-8467-68C61E79E69D}.Release|Any CPU.ActiveCfg = Debug|Any CPU
		{0EBAB28E-AE2B-44FE-8467-68C61E79E69D}.Release|Any CPU.Build.0 = Debug|Any CPU
		{4E430F4B-8737-4524-A65A-EA5E9E258A96}.Debug|Any CPU.ActiveCfg = Debug|Any CPU
		{4E430F4B-8737-4524-A65A-EA5E9E258A96}.Debug|Any CPU.Build.0 = Debug|Any CPU
		{4E430F4B-8737-4524-A65A-EA5E9E258A96}.Release|Any CPU.ActiveCfg = Release|Any CPU
		{4E430F4B-8737-4524-A65A-EA5E9E258A96}.Release|Any CPU.Build.0 = Release|Any CPU
		{2EB40D47-FF93-48E9-84BB-DE1725723879}.Debug|Any CPU.ActiveCfg = Debug|Any CPU
		{2EB40D47-FF93-48E9-84BB-DE1725723879}.Debug|Any CPU.Build.0 = Debug|Any CPU
		{2EB40D47-FF93-48E9-84BB-DE1725723879}.Release|Any CPU.ActiveCfg = Release|Any CPU
		{2EB40D47-FF93-48E9-84BB-DE1725723879}.Release|Any CPU.Build.0 = Release|Any CPU
		{14720B16-11F1-4DCA-9D5A-EB29A6B5271E}.Debug|Any CPU.ActiveCfg = Debug|Any CPU
		{14720B16-11F1-4DCA-9D5A-EB29A6B5271E}.Debug|Any CPU.Build.0 = Debug|Any CPU
		{14720B16-11F1-4DCA-9D5A-EB29A6B5271E}.Release|Any CPU.ActiveCfg = Release|Any CPU
		{14720B16-11F1-4DCA-9D5A-EB29A6B5271E}.Release|Any CPU.Build.0 = Release|Any CPU
	EndGlobalSection
	GlobalSection(SolutionProperties) = preSolution
		HideSolutionNode = FALSE
	EndGlobalSection
	GlobalSection(ExtensibilityGlobals) = postSolution
		SolutionGuid = {17CA634B-B4A9-4B11-B5D9-4E7FBFD1F2C2}
	EndGlobalSection
EndGlobal
